
Microsoft Visual Studio Solution File, Format Version 12.00
# Visual Studio 15
VisualStudioVersion = 15.0.28307.489
MinimumVisualStudioVersion = 10.0.40219.1
Project("{8BC9CEB8-8B4A-11D0-8D11-00A0C91BC942}") = "Exp01", "Exp01\Exp01.vcxproj", "{F3CAE664-DDA5-44AE-B9DB-0C3574EE874A}"
EndProject
Global
	GlobalSection(SolutionConfigurationPlatforms) = preSolution
		Debug|x64 = Debug|x64
		Debug|x86 = Debug|x86
		Release|x64 = Release|x64
		Release|x86 = Release|x86
	EndGlobalSection
	GlobalSection(ProjectConfigurationPlatforms) = postSolution
		{F3CAE664-DDA5-44AE-B9DB-0C3574EE874A}.Debug|x64.ActiveCfg = Debug|x64
		{F3CAE664-DDA5-44AE-B9DB-0C3574EE874A}.Debug|x64.Build.0 = Debug|x64
		{F3CAE664-DDA5-44AE-B9DB-0C3574EE874A}.Debug|x86.ActiveCfg = Debug|Win32
		{F3CAE664-DDA5-44AE-B9DB-0C3574EE874A}.Debug|x86.Build.0 = Debug|Win32
		{F3CAE664-DDA5-44AE-B9DB-0C3574EE874A}.Release|x64.ActiveCfg = Release|x64
		{F3CAE664-DDA5-44AE-B9DB-0C3574EE874A}.Release|x64.Build.0 = Release|x64
		{F3CAE664-DDA5-44AE-B9DB-0C3574EE874A}.Release|x86.ActiveCfg = Release|Win32
		{F3CAE664-DDA5-44AE-B9DB-0C3574EE874A}.Release|x86.Build.0 = Release|Win32
	EndGlobalSection
	GlobalSection(SolutionProperties) = preSolution
		HideSolutionNode = FALSE
	EndGlobalSection
	GlobalSection(ExtensibilityGlobals) = postSolution
		SolutionGuid = {D5064136-0EB5-4D8B-A97D-58C8C5B03E25}
	EndGlobalSection
EndGlobal
